
Microsoft Visual Studio Solution File, Format Version 12.00
# Visual Studio Version 16
VisualStudioVersion = 16.0.32413.511
MinimumVisualStudioVersion = 10.0.40219.1
Project("{00D1A9C2-B5F0-4AF3-8072-F6C62B433612}") = "Database1", "Database1\Database1.sqlproj", "{FC9A1598-173F-4E05-BED8-A2A1328A68B2}"
EndProject
Global
	GlobalSection(SolutionConfigurationPlatforms) = preSolution
		Debug|Any CPU = Debug|Any CPU
		Release|Any CPU = Release|Any CPU
	EndGlobalSection
	GlobalSection(ProjectConfigurationPlatforms) = postSolution
		{FC9A1598-173F-4E05-BED8-A2A1328A68B2}.Debug|Any CPU.ActiveCfg = Debug|Any CPU
		{FC9A1598-173F-4E05-BED8-A2A1328A68B2}.Debug|Any CPU.Build.0 = Debug|Any CPU
		{FC9A1598-173F-4E05-BED8-A2A1328A68B2}.Debug|Any CPU.Deploy.0 = Debug|Any CPU
		{FC9A1598-173F-4E05-BED8-A2A1328A68B2}.Release|Any CPU.ActiveCfg = Release|Any CPU
		{FC9A1598-173F-4E05-BED8-A2A1328A68B2}.Release|Any CPU.Build.0 = Release|Any CPU
		{FC9A1598-173F-4E05-BED8-A2A1328A68B2}.Release|Any CPU.Deploy.0 = Release|Any CPU
	EndGlobalSection
	GlobalSection(SolutionProperties) = preSolution
		HideSolutionNode = FALSE
	EndGlobalSection
	GlobalSection(ExtensibilityGlobals) = postSolution
		SolutionGuid = {9793802E-EC47-4625-B24F-7A31C4A1835D}
	EndGlobalSection
EndGlobal
