
Microsoft Visual Studio Solution File, Format Version 12.00
# Visual Studio Version 17
VisualStudioVersion = 17.3.32929.385
MinimumVisualStudioVersion = 10.0.40219.1
Project("{00D1A9C2-B5F0-4AF3-8072-F6C62B433612}") = "sqlproject", "sqlproject\sqlproject.sqlproj", "{52C27BEC-7A65-405B-9008-7C859111E998}"
EndProject
Global
	GlobalSection(SolutionConfigurationPlatforms) = preSolution
		Debug|Any CPU = Debug|Any CPU
		Release|Any CPU = Release|Any CPU
	EndGlobalSection
	GlobalSection(ProjectConfigurationPlatforms) = postSolution
		{52C27BEC-7A65-405B-9008-7C859111E998}.Debug|Any CPU.ActiveCfg = Debug|Any CPU
		{52C27BEC-7A65-405B-9008-7C859111E998}.Debug|Any CPU.Build.0 = Debug|Any CPU
		{52C27BEC-7A65-405B-9008-7C859111E998}.Debug|Any CPU.Deploy.0 = Debug|Any CPU
		{52C27BEC-7A65-405B-9008-7C859111E998}.Release|Any CPU.ActiveCfg = Release|Any CPU
		{52C27BEC-7A65-405B-9008-7C859111E998}.Release|Any CPU.Build.0 = Release|Any CPU
		{52C27BEC-7A65-405B-9008-7C859111E998}.Release|Any CPU.Deploy.0 = Release|Any CPU
	EndGlobalSection
	GlobalSection(SolutionProperties) = preSolution
		HideSolutionNode = FALSE
	EndGlobalSection
	GlobalSection(ExtensibilityGlobals) = postSolution
		SolutionGuid = {D9070350-DE76-4EBB-9C5B-B5B486B85071}
	EndGlobalSection
EndGlobal
